# DO NOT EDIT MANUALLY - Managed by Fern Replay
version: "1.0"
generations:
  - commit_sha: 9b6e5ce9c43aed895536b86483986ee32d09b7e6
    tree_hash: 1ebf84c2bce4be3fbf519a4ead5b7d1f3606b0f9
    timestamp: 2026-07-21T20:06:34.283Z
    cli_version: unknown
    generator_versions: {}
current_generation: 9b6e5ce9c43aed895536b86483986ee32d09b7e6
patches: []
